<?xml version="1.0"?>
<CONFIG>
  <ProjectOptions>
    <Version Value="9"/>
    <PathDelim Value="\"/>
    <General>
      <Flags>
        <MainUnitHasUsesSectionForAllUnits Value="False"/>
        <MainUnitHasCreateFormStatements Value="False"/>
        <MainUnitHasTitleStatement Value="False"/>
      </Flags>
      <SessionStorage Value="InProjectDir"/>
      <MainUnit Value="0"/>
      <Title Value="tox"/>
      <UseAppBundle Value="False"/>
      <ResourceType Value="res"/>
    </General>
    <i18n>
      <EnableI18N LFM="False"/>
    </i18n>
    <VersionInfo>
      <StringTable ProductVersion=""/>
    </VersionInfo>
    <BuildModes Count="1">
      <Item1 Name="Default" Default="True"/>
    </BuildModes>
    <PublishOptions>
      <Version Value="2"/>
      <IncludeFileFilter Value="*.(pas|pp|inc|lfm|lpr|lrs|lpi|lpk|sh|xml)"/>
      <ExcludeFileFilter Value="*.(bak|ppu|o|so);*~;backup"/>
    </PublishOptions>
    <RunParams>
      <local>
        <FormatVersion Value="1"/>
        <LaunchingApplication PathPlusParams="\usr\bin\xterm -T 'Lazarus Run Output' -e $(LazarusDir)\tools\runwait.sh $(TargetCmdLine)"/>
      </local>
    </RunParams>
    <RequiredPackages Count="1">
      <Item1>
        <PackageName Value="LCL"/>
      </Item1>
    </RequiredPackages>
    <Units Count="22">
      <Unit0>
        <Filename Value="tox.dpr"/>
        <IsPartOfProject Value="True"/>
      </Unit0>
      <Unit1>
        <Filename Value="gui\ResourceImage.pas"/>
        <IsPartOfProject Value="True"/>
        <UnitName Value="ResourceImage"/>
      </Unit1>
      <Unit2>
        <Filename Value="gui\UserStatus.pas"/>
        <IsPartOfProject Value="True"/>
        <UnitName Value="UserStatus"/>
      </Unit2>
      <Unit3>
        <Filename Value="src\StringUtils.pas"/>
        <IsPartOfProject Value="True"/>
        <UnitName Value="StringUtils"/>
      </Unit3>
      <Unit4>
        <Filename Value="gui\Forms\fmUserAdd.pas"/>
        <IsPartOfProject Value="True"/>
        <ComponentName Value="FormUserAdd"/>
        <HasResources Value="True"/>
        <ResourceBaseClass Value="Form"/>
        <UnitName Value="fmUserAdd"/>
      </Unit4>
      <Unit5>
        <Filename Value="gui\Forms\fmUserAdd.dfm"/>
        <IsPartOfProject Value="True"/>
      </Unit5>
      <Unit6>
        <Filename Value="gui\Forms\fmNewName.pas"/>
        <IsPartOfProject Value="True"/>
        <ComponentName Value="FormNewName"/>
        <HasResources Value="True"/>
        <ResourceBaseClass Value="Form"/>
        <UnitName Value="fmNewName"/>
      </Unit6>
      <Unit7>
        <Filename Value="src\main.pas"/>
        <IsPartOfProject Value="True"/>
        <ComponentName Value="Form1"/>
        <HasResources Value="True"/>
        <ResourceBaseClass Value="Form"/>
        <UnitName Value="main"/>
      </Unit7>
      <Unit8>
        <Filename Value="src\libtox.pas"/>
        <IsPartOfProject Value="True"/>
        <UnitName Value="libtox"/>
      </Unit8>
      <Unit9>
        <Filename Value="src\toxcore.pas"/>
        <IsPartOfProject Value="True"/>
        <UnitName Value="toxcore"/>
      </Unit9>
      <Unit10>
        <Filename Value="src\Settings.pas"/>
        <IsPartOfProject Value="True"/>
      </Unit10>
      <Unit11>
        <Filename Value="src\ServerList.pas"/>
        <IsPartOfProject Value="True"/>
      </Unit11>
      <Unit12>
        <Filename Value="src\ClientAddress.pas"/>
        <IsPartOfProject Value="True"/>
      </Unit12>
      <Unit13>
        <Filename Value="src\FriendList.pas"/>
        <IsPartOfProject Value="True"/>
      </Unit13>
      <Unit14>
        <Filename Value="src\MessageList.pas"/>
        <IsPartOfProject Value="True"/>
      </Unit14>
      <Unit15>
        <Filename Value="gui\UserIcon.pas"/>
        <IsPartOfProject Value="True"/>
      </Unit15>
      <Unit16>
        <Filename Value="gui\ImageUtils.pas"/>
        <IsPartOfProject Value="True"/>
        <UnitName Value="ImageUtils"/>
      </Unit16>
      <Unit17>
        <Filename Value="gui\UserStatusStyle.pas"/>
        <IsPartOfProject Value="True"/>
      </Unit17>
      <Unit18>
        <Filename Value="gui\ActiveRegion.pas"/>
        <IsPartOfProject Value="True"/>
      </Unit18>
      <Unit19>
        <Filename Value="gui\PaintSprite.pas"/>
        <IsPartOfProject Value="True"/>
      </Unit19>
      <Unit20>
        <Filename Value="gui\ControlPanel.pas"/>
        <IsPartOfProject Value="True"/>
      </Unit20>
      <Unit21>
        <Filename Value="gui\ButtonActive.pas"/>
        <IsPartOfProject Value="True"/>
      </Unit21>
    </Units>
  </ProjectOptions>
  <CompilerOptions>
    <Version Value="11"/>
    <PathDelim Value="\"/>
    <SearchPaths>
      <IncludeFiles Value="src;gui;gui\Forms;$(ProjOutDir)"/>
      <OtherUnitFiles Value="gui;src;gui\Forms"/>
    </SearchPaths>
    <Parsing>
      <SyntaxOptions>
        <SyntaxMode Value="Delphi"/>
        <AllowLabel Value="False"/>
      </SyntaxOptions>
    </Parsing>
    <Linking>
      <Debugging>
        <UseExternalDbgSyms Value="True"/>
      </Debugging>
      <Options>
        <Win32>
          <GraphicApplication Value="True"/>
        </Win32>
      </Options>
    </Linking>
    <Other>
      <CompilerMessages>
        <MsgFileName Value=""/>
      </CompilerMessages>
      <CompilerPath Value="$(CompPath)"/>
    </Other>
  </CompilerOptions>
  <Debugging>
    <Exceptions Count="3">
      <Item1>
        <Name Value="EAbort"/>
      </Item1>
      <Item2>
        <Name Value="ECodetoolError"/>
      </Item2>
      <Item3>
        <Name Value="EFOpenError"/>
      </Item3>
    </Exceptions>
  </Debugging>
</CONFIG>
